
Microsoft Visual Studio Solution File, Format Version 12.00
# Visual Studio 15
VisualStudioVersion = 15.0.28010.2026
MinimumVisualStudioVersion = 10.0.40219.1
Project("{FAE04EC0-301F-11D3-BF4B-00C04F79EFBC}") = "Reviisao_va2", "Reviisao_va2\Reviisao_va2.csproj", "{37E68C87-8BE4-45AF-99E1-715175027619}"
EndProject
Global
	GlobalSection(SolutionConfigurationPlatforms) = preSolution
		Debug|Any CPU = Debug|Any CPU
		Release|Any CPU = Release|Any CPU
	EndGlobalSection
	GlobalSection(ProjectConfigurationPlatforms) = postSolution
		{37E68C87-8BE4-45AF-99E1-715175027619}.Debug|Any CPU.ActiveCfg = Debug|Any CPU
		{37E68C87-8BE4-45AF-99E1-715175027619}.Debug|Any CPU.Build.0 = Debug|Any CPU
		{37E68C87-8BE4-45AF-99E1-715175027619}.Release|Any CPU.ActiveCfg = Release|Any CPU
		{37E68C87-8BE4-45AF-99E1-715175027619}.Release|Any CPU.Build.0 = Release|Any CPU
	EndGlobalSection
	GlobalSection(SolutionProperties) = preSolution
		HideSolutionNode = FALSE
	EndGlobalSection
	GlobalSection(ExtensibilityGlobals) = postSolution
		SolutionGuid = {000EB02A-E052-45A0-851E-0F4F61581DD1}
	EndGlobalSection
EndGlobal
